
Microsoft Visual Studio Solution File, Format Version 12.00
# Visual Studio Version 17
VisualStudioVersion = 17.9.34723.18
MinimumVisualStudioVersion = 10.0.40219.1
Project("{9A19103F-16F7-4668-BE54-9A1E7A4F7556}") = "WebApi", "WebApi\WebApi.csproj", "{6E2939AE-633C-4C8F-BAE7-F94EF1D255CF}"
EndProject
Project("{9A19103F-16F7-4668-BE54-9A1E7A4F7556}") = "Persistence", "Persistence\Persistence.csproj", "{6F49B267-5192-494C-AA77-7334B007826D}"
EndProject
Project("{9A19103F-16F7-4668-BE54-9A1E7A4F7556}") = "Domain", "Domain\Domain.csproj", "{125C39C2-D244-4A14-88DC-F7822DBB0EE1}"
EndProject
Project("{9A19103F-16F7-4668-BE54-9A1E7A4F7556}") = "Application", "Application\Application.csproj", "{71501D88-A3E2-484C-A2B6-BE88954604F5}"
EndProject
Project("{9A19103F-16F7-4668-BE54-9A1E7A4F7556}") = "Infrastructure", "Infrastructure\Infrastructure.csproj", "{AC161391-E410-4498-89CA-80DCA03B80B4}"
EndProject
Project("{FAE04EC0-301F-11D3-BF4B-00C04F79EFBC}") = "Core.Persistence", "Core.Persistence\Core.Persistence.csproj", "{D041F00A-92FA-4111-8859-9BAC2A11A131}"
EndProject
Global
	GlobalSection(SolutionConfigurationPlatforms) = preSolution
		Debug|Any CPU = Debug|Any CPU
		Release|Any CPU = Release|Any CPU
	EndGlobalSection
	GlobalSection(ProjectConfigurationPlatforms) = postSolution
		{6E2939AE-633C-4C8F-BAE7-F94EF1D255CF}.Debug|Any CPU.ActiveCfg = Debug|Any CPU
		{6E2939AE-633C-4C8F-BAE7-F94EF1D255CF}.Debug|Any CPU.Build.0 = Debug|Any CPU
		{6E2939AE-633C-4C8F-BAE7-F94EF1D255CF}.Release|Any CPU.ActiveCfg = Release|Any CPU
		{6E2939AE-633C-4C8F-BAE7-F94EF1D255CF}.Release|Any CPU.Build.0 = Release|Any CPU
		{6F49B267-5192-494C-AA77-7334B007826D}.Debug|Any CPU.ActiveCfg = Debug|Any CPU
		{6F49B267-5192-494C-AA77-7334B007826D}.Debug|Any CPU.Build.0 = Debug|Any CPU
		{6F49B267-5192-494C-AA77-7334B007826D}.Release|Any CPU.ActiveCfg = Release|Any CPU
		{6F49B267-5192-494C-AA77-7334B007826D}.Release|Any CPU.Build.0 = Release|Any CPU
		{125C39C2-D244-4A14-88DC-F7822DBB0EE1}.Debug|Any CPU.ActiveCfg = Debug|Any CPU
		{125C39C2-D244-4A14-88DC-F7822DBB0EE1}.Debug|Any CPU.Build.0 = Debug|Any CPU
		{125C39C2-D244-4A14-88DC-F7822DBB0EE1}.Release|Any CPU.ActiveCfg = Release|Any CPU
		{125C39C2-D244-4A14-88DC-F7822DBB0EE1}.Release|Any CPU.Build.0 = Release|Any CPU
		{71501D88-A3E2-484C-A2B6-BE88954604F5}.Debug|Any CPU.ActiveCfg = Debug|Any CPU
		{71501D88-A3E2-484C-A2B6-BE88954604F5}.Debug|Any CPU.Build.0 = Debug|Any CPU
		{71501D88-A3E2-484C-A2B6-BE88954604F5}.Release|Any CPU.ActiveCfg = Release|Any CPU
		{71501D88-A3E2-484C-A2B6-BE88954604F5}.Release|Any CPU.Build.0 = Release|Any CPU
		{AC161391-E410-4498-89CA-80DCA03B80B4}.Debug|Any CPU.ActiveCfg = Debug|Any CPU
		{AC161391-E410-4498-89CA-80DCA03B80B4}.Debug|Any CPU.Build.0 = Debug|Any CPU
		{AC161391-E410-4498-89CA-80DCA03B80B4}.Release|Any CPU.ActiveCfg = Release|Any CPU
		{AC161391-E410-4498-89CA-80DCA03B80B4}.Release|Any CPU.Build.0 = Release|Any CPU
		{D041F00A-92FA-4111-8859-9BAC2A11A131}.Debug|Any CPU.ActiveCfg = Debug|Any CPU
		{D041F00A-92FA-4111-8859-9BAC2A11A131}.Debug|Any CPU.Build.0 = Debug|Any CPU
		{D041F00A-92FA-4111-8859-9BAC2A11A131}.Release|Any CPU.ActiveCfg = Release|Any CPU
		{D041F00A-92FA-4111-8859-9BAC2A11A131}.Release|Any CPU.Build.0 = Release|Any CPU
	EndGlobalSection
	GlobalSection(SolutionProperties) = preSolution
		HideSolutionNode = FALSE
	EndGlobalSection
	GlobalSection(ExtensibilityGlobals) = postSolution
		SolutionGuid = {DC80C276-E68C-4D02-9EDE-68B845C55BA0}
	EndGlobalSection
EndGlobal
